PODS:
  - Alamofire (5.11.0)
  - BSText (1.1.3):
    - YYImage
  - DoraemonKit/Core (3.1.7):
    - FMDB
    - GCDWebServer
    - GCDWebServer/WebDAV
    - GCDWebServer/WebUploader
  - DynamicColor (5.0.1)
  - FMDB (2.7.12):
    - FMDB/standard (= 2.7.12)
  - FMDB/Core (2.7.12)
  - FMDB/standard (2.7.12):
    - FMDB/Core
  - GCDWebServer (3.5.4):
    - GCDWebServer/Core (= 3.5.4)
  - GCDWebServer/Core (3.5.4)
  - GCDWebServer/WebDAV (3.5.4):
    - GCDWebServer/Core
  - GCDWebServer/WebUploader (3.5.4):
    - GCDWebServer/Core
  - HandyJSON (5.0.2)
  - Kingfisher (7.9.1)
  - Masonry (1.1.0)
  - MBProgressHUD (1.2.0)
  - MHVerifyCodeView (1.0.1)
  - MJRefresh (3.7.9)
  - MMKV (2.3.0):
    - MMKVCore (~> 2.3.0)
  - MMKVCore (2.3.0)
  - Moya/Core (15.0.0):
    - Alamofire (~> 5.0)
  - Moya/RxSwift (15.0.0):
    - Moya/Core
    - RxSwift (~> 6.0)
  - "NSObject+Rx (5.2.2)":
    - RxSwift (~> 6.2)
  - QMUIKit (4.8.0):
    - QMUIKit/QMUIComponents (= 4.8.0)
    - QMUIKit/QMUICore (= 4.8.0)
    - QMUIKit/QMUILog (= 4.8.0)
    - QMUIKit/QMUIMainFrame (= 4.8.0)
    - QMUIKit/QMUIResources (= 4.8.0)
    - QMUIKit/QMUIWeakObjectContainer (= 4.8.0)
  - QMUIKit/QMUIComponents (4.8.0):
    - QMUIKit/QMUIComponents/NavigationBarTransition (= 4.8.0)
    - QMUIKit/QMUIComponents/QMUIAlertController (= 4.8.0)
    - QMUIKit/QMUIComponents/QMUIAnimation (= 4.8.0)
    - QMUIKit/QMUIComponents/QMUIAppearance (= 4.8.0)
    - QMUIKit/QMUIComponents/QMUIAssetLibrary (= 4.8.0)
    - QMUIKit/QMUIComponents/QMUIBadge (= 4.8.0)
    - QMUIKit/QMUIComponents/QMUIButton (= 4.8.0)
    - QMUIKit/QMUIComponents/QMUICAAnimationExtension (= 4.8.0)
    - QMUIKit/QMUIComponents/QMUICALayerExtension (= 4.8.0)
    - QMUIKit/QMUIComponents/QMUICellHeightCache (= 4.8.0)
    - QMUIKit/QMUIComponents/QMUICellHeightKeyCache (= 4.8.0)
    - QMUIKit/QMUIComponents/QMUICellSizeKeyCache (= 4.8.0)
    - QMUIKit/QMUIComponents/QMUICheckbox (= 4.8.0)
    - QMUIKit/QMUIComponents/QMUICollectionViewPagingLayout (= 4.8.0)
    - QMUIKit/QMUIComponents/QMUIConsole (= 4.8.0)
    - QMUIKit/QMUIComponents/QMUIDialogViewController (= 4.8.0)
    - QMUIKit/QMUIComponents/QMUIEmotionInputManager (= 4.8.0)
    - QMUIKit/QMUIComponents/QMUIEmotionView (= 4.8.0)
    - QMUIKit/QMUIComponents/QMUIEmptyView (= 4.8.0)
    - QMUIKit/QMUIComponents/QMUIFloatLayoutView (= 4.8.0)
    - QMUIKit/QMUIComponents/QMUIGridView (= 4.8.0)
    - QMUIKit/QMUIComponents/QMUIImagePickerLibrary (= 4.8.0)
    - QMUIKit/QMUIComponents/QMUIImagePreviewView (= 4.8.0)
    - QMUIKit/QMUIComponents/QMUIKeyboardManager (= 4.8.0)
    - QMUIKit/QMUIComponents/QMUILabel (= 4.8.0)
    - QMUIKit/QMUIComponents/QMUILayouter (= 4.8.0)
    - QMUIKit/QMUIComponents/QMUILogManagerViewController (= 4.8.0)
    - QMUIKit/QMUIComponents/QMUILogWithConfigurationSupported (= 4.8.0)
    - QMUIKit/QMUIComponents/QMUIMarqueeLabel (= 4.8.0)
    - QMUIKit/QMUIComponents/QMUIModalPresentationViewController (= 4.8.0)
    - QMUIKit/QMUIComponents/QMUIMoreOperationController (= 4.8.0)
    - QMUIKit/QMUIComponents/QMUIMultipleDelegates (= 4.8.0)
    - QMUIKit/QMUIComponents/QMUINavigationButton (= 4.8.0)
    - QMUIKit/QMUIComponents/QMUINavigationTitleView (= 4.8.0)
    - QMUIKit/QMUIComponents/QMUIOrderedDictionary (= 4.8.0)
    - QMUIKit/QMUIComponents/QMUIPieProgressView (= 4.8.0)
    - QMUIKit/QMUIComponents/QMUIPopupContainerView (= 4.8.0)
    - QMUIKit/QMUIComponents/QMUIPopupMenuView (= 4.8.0)
    - QMUIKit/QMUIComponents/QMUIScrollAnimator (= 4.8.0)
    - QMUIKit/QMUIComponents/QMUISearchBar (= 4.8.0)
    - QMUIKit/QMUIComponents/QMUISearchController (= 4.8.0)
    - QMUIKit/QMUIComponents/QMUISegmentedControl (= 4.8.0)
    - QMUIKit/QMUIComponents/QMUISheetPresentation (= 4.8.0)
    - QMUIKit/QMUIComponents/QMUIStaticTableView (= 4.8.0)
    - QMUIKit/QMUIComponents/QMUITableView (= 4.8.0)
    - QMUIKit/QMUIComponents/QMUITableViewCell (= 4.8.0)
    - QMUIKit/QMUIComponents/QMUITableViewHeaderFooterView (= 4.8.0)
    - QMUIKit/QMUIComponents/QMUITableViewProtocols (= 4.8.0)
    - QMUIKit/QMUIComponents/QMUITestView (= 4.8.0)
    - QMUIKit/QMUIComponents/QMUITextField (= 4.8.0)
    - QMUIKit/QMUIComponents/QMUITextView (= 4.8.0)
    - QMUIKit/QMUIComponents/QMUITheme (= 4.8.0)
    - QMUIKit/QMUIComponents/QMUITips (= 4.8.0)
    - QMUIKit/QMUIComponents/QMUIToastView (= 4.8.0)
    - QMUIKit/QMUIComponents/QMUIToolbarButton (= 4.8.0)
    - QMUIKit/QMUIComponents/QMUIWindowSizeMonitor (= 4.8.0)
    - QMUIKit/QMUIComponents/QMUIZoomImageView (= 4.8.0)
    - QMUIKit/QMUICore
  - QMUIKit/QMUIComponents/NavigationBarTransition (4.8.0):
    - QMUIKit/QMUIComponents/QMUINavigationTitleView
    - QMUIKit/QMUICore
    - QMUIKit/QMUIMainFrame
  - QMUIKit/QMUIComponents/QMUIAlertController (4.8.0):
    - QMUIKit/QMUIComponents/QMUIAppearance
    - QMUIKit/QMUIComponents/QMUIButton
    - QMUIKit/QMUIComponents/QMUIKeyboardManager
    - QMUIKit/QMUIComponents/QMUILabel
    - QMUIKit/QMUIComponents/QMUIModalPresentationViewController
    - QMUIKit/QMUIComponents/QMUITextField
    - QMUIKit/QMUICore
  - QMUIKit/QMUIComponents/QMUIAnimation (4.8.0):
    - QMUIKit/QMUICore
  - QMUIKit/QMUIComponents/QMUIAppearance (4.8.0):
    - QMUIKit/QMUICore
  - QMUIKit/QMUIComponents/QMUIAssetLibrary (4.8.0):
    - QMUIKit/QMUICore
  - QMUIKit/QMUIComponents/QMUIBadge (4.8.0):
    - QMUIKit/QMUIComponents/QMUILabel
    - QMUIKit/QMUICore
  - QMUIKit/QMUIComponents/QMUIButton (4.8.0):
    - QMUIKit/QMUIComponents/QMUILayouter
    - QMUIKit/QMUICore
  - QMUIKit/QMUIComponents/QMUICAAnimationExtension (4.8.0):
    - QMUIKit/QMUIComponents/QMUIMultipleDelegates
    - QMUIKit/QMUICore
  - QMUIKit/QMUIComponents/QMUICALayerExtension (4.8.0):
    - QMUIKit/QMUIComponents/QMUIMultipleDelegates
    - QMUIKit/QMUICore
  - QMUIKit/QMUIComponents/QMUICellHeightCache (4.8.0):
    - QMUIKit/QMUIComponents/QMUITableViewProtocols
    - QMUIKit/QMUICore
  - QMUIKit/QMUIComponents/QMUICellHeightKeyCache (4.8.0):
    - QMUIKit/QMUIComponents/QMUIMultipleDelegates
    - QMUIKit/QMUIComponents/QMUITableViewProtocols
    - QMUIKit/QMUICore
  - QMUIKit/QMUIComponents/QMUICellSizeKeyCache (4.8.0):
    - QMUIKit/QMUIComponents/QMUIMultipleDelegates
    - QMUIKit/QMUICore
  - QMUIKit/QMUIComponents/QMUICheckbox (4.8.0):
    - QMUIKit/QMUIComponents/QMUIButton
    - QMUIKit/QMUICore
    - QMUIKit/QMUIResources
  - QMUIKit/QMUIComponents/QMUICollectionViewPagingLayout (4.8.0):
    - QMUIKit/QMUICore
  - QMUIKit/QMUIComponents/QMUIConsole (4.8.0):
    - QMUIKit/QMUIComponents/QMUIButton
    - QMUIKit/QMUIComponents/QMUICAAnimationExtension
    - QMUIKit/QMUIComponents/QMUICellHeightKeyCache
    - QMUIKit/QMUIComponents/QMUIPopupMenuView
    - QMUIKit/QMUIComponents/QMUITableView
    - QMUIKit/QMUIComponents/QMUITableViewCell
    - QMUIKit/QMUIComponents/QMUITextField
    - QMUIKit/QMUIComponents/QMUITextView
    - QMUIKit/QMUICore
    - QMUIKit/QMUIResources
  - QMUIKit/QMUIComponents/QMUIDialogViewController (4.8.0):
    - QMUIKit/QMUIComponents/QMUIAppearance
    - QMUIKit/QMUIComponents/QMUIButton
    - QMUIKit/QMUIComponents/QMUILabel
    - QMUIKit/QMUIComponents/QMUIModalPresentationViewController
    - QMUIKit/QMUIComponents/QMUINavigationTitleView
    - QMUIKit/QMUIComponents/QMUITableView
    - QMUIKit/QMUIComponents/QMUITableViewCell
    - QMUIKit/QMUIComponents/QMUITextField
    - QMUIKit/QMUICore
    - QMUIKit/QMUIMainFrame
  - QMUIKit/QMUIComponents/QMUIEmotionInputManager (4.8.0):
    - QMUIKit/QMUIComponents/QMUIEmotionView
    - QMUIKit/QMUICore
  - QMUIKit/QMUIComponents/QMUIEmotionView (4.8.0):
    - QMUIKit/QMUIComponents/QMUIButton
    - QMUIKit/QMUICore
    - QMUIKit/QMUIResources
  - QMUIKit/QMUIComponents/QMUIEmptyView (4.8.0):
    - QMUIKit/QMUIComponents/QMUIAppearance
    - QMUIKit/QMUIComponents/QMUIButton
    - QMUIKit/QMUICore
  - QMUIKit/QMUIComponents/QMUIFloatLayoutView (4.8.0):
    - QMUIKit/QMUICore
  - QMUIKit/QMUIComponents/QMUIGridView (4.8.0):
    - QMUIKit/QMUICore
  - QMUIKit/QMUIComponents/QMUIImagePickerLibrary (4.8.0):
    - QMUIKit/QMUIComponents/QMUIAlertController
    - QMUIKit/QMUIComponents/QMUIAppearance
    - QMUIKit/QMUIComponents/QMUIAssetLibrary
    - QMUIKit/QMUIComponents/QMUIButton
    - QMUIKit/QMUIComponents/QMUIEmptyView
    - QMUIKit/QMUIComponents/QMUIImagePreviewView
    - QMUIKit/QMUIComponents/QMUINavigationButton
    - QMUIKit/QMUIComponents/QMUITableViewCell
    - QMUIKit/QMUIComponents/QMUIZoomImageView
    - QMUIKit/QMUICore
    - QMUIKit/QMUIMainFrame
    - QMUIKit/QMUIResources
  - QMUIKit/QMUIComponents/QMUIImagePreviewView (4.8.0):
    - QMUIKit/QMUIComponents/QMUIAppearance
    - QMUIKit/QMUIComponents/QMUIButton
    - QMUIKit/QMUIComponents/QMUICollectionViewPagingLayout
    - QMUIKit/QMUIComponents/QMUIEmptyView
    - QMUIKit/QMUIComponents/QMUIPieProgressView
    - QMUIKit/QMUIComponents/QMUIZoomImageView
    - QMUIKit/QMUICore
    - QMUIKit/QMUIMainFrame
  - QMUIKit/QMUIComponents/QMUIKeyboardManager (4.8.0):
    - QMUIKit/QMUIComponents/QMUIAppearance
    - QMUIKit/QMUIComponents/QMUIMultipleDelegates
    - QMUIKit/QMUICore
  - QMUIKit/QMUIComponents/QMUILabel (4.8.0):
    - QMUIKit/QMUICore
  - QMUIKit/QMUIComponents/QMUILayouter (4.8.0):
    - QMUIKit/QMUICore
  - QMUIKit/QMUIComponents/QMUILogManagerViewController (4.8.0):
    - QMUIKit/QMUIComponents/QMUIPopupMenuView
    - QMUIKit/QMUIComponents/QMUISearchController
    - QMUIKit/QMUIComponents/QMUIStaticTableView
    - QMUIKit/QMUIComponents/QMUITableView
    - QMUIKit/QMUICore
    - QMUIKit/QMUIMainFrame
  - QMUIKit/QMUIComponents/QMUILogWithConfigurationSupported (4.8.0):
    - QMUIKit/QMUICore
  - QMUIKit/QMUIComponents/QMUIMarqueeLabel (4.8.0):
    - QMUIKit/QMUICore
  - QMUIKit/QMUIComponents/QMUIModalPresentationViewController (4.8.0):
    - QMUIKit/QMUIComponents/QMUIAppearance
    - QMUIKit/QMUIComponents/QMUIKeyboardManager
    - QMUIKit/QMUICore
  - QMUIKit/QMUIComponents/QMUIMoreOperationController (4.8.0):
    - QMUIKit/QMUIComponents/QMUIAppearance
    - QMUIKit/QMUIComponents/QMUIButton
    - QMUIKit/QMUIComponents/QMUIModalPresentationViewController
    - QMUIKit/QMUICore
  - QMUIKit/QMUIComponents/QMUIMultipleDelegates (4.8.0):
    - QMUIKit/QMUICore
  - QMUIKit/QMUIComponents/QMUINavigationButton (4.8.0):
    - QMUIKit/QMUICore
    - QMUIKit/QMUIMainFrame
  - QMUIKit/QMUIComponents/QMUINavigationTitleView (4.8.0):
    - QMUIKit/QMUIComponents/QMUIAppearance
    - QMUIKit/QMUIComponents/QMUIButton
    - QMUIKit/QMUICore
  - QMUIKit/QMUIComponents/QMUIOrderedDictionary (4.8.0):
    - QMUIKit/QMUICore
  - QMUIKit/QMUIComponents/QMUIPieProgressView (4.8.0):
    - QMUIKit/QMUICore
  - QMUIKit/QMUIComponents/QMUIPopupContainerView (4.8.0):
    - QMUIKit/QMUIComponents/QMUIAppearance
    - QMUIKit/QMUICore
    - QMUIKit/QMUIMainFrame
  - QMUIKit/QMUIComponents/QMUIPopupMenuView (4.8.0):
    - QMUIKit/QMUIComponents/QMUIButton
    - QMUIKit/QMUIComponents/QMUICheckbox
    - QMUIKit/QMUIComponents/QMUILabel
    - QMUIKit/QMUIComponents/QMUILayouter
    - QMUIKit/QMUIComponents/QMUIPopupContainerView
    - QMUIKit/QMUIComponents/QMUITableView
    - QMUIKit/QMUICore
  - QMUIKit/QMUIComponents/QMUIScrollAnimator (4.8.0):
    - QMUIKit/QMUIComponents/QMUIMultipleDelegates
    - QMUIKit/QMUICore
  - QMUIKit/QMUIComponents/QMUISearchBar (4.8.0):
    - QMUIKit/QMUICore
  - QMUIKit/QMUIComponents/QMUISearchController (4.8.0):
    - QMUIKit/QMUIComponents/QMUIEmptyView
    - QMUIKit/QMUIComponents/QMUISearchBar
    - QMUIKit/QMUICore
    - QMUIKit/QMUIMainFrame
  - QMUIKit/QMUIComponents/QMUISegmentedControl (4.8.0):
    - QMUIKit/QMUICore
  - QMUIKit/QMUIComponents/QMUISheetPresentation (4.8.0):
    - QMUIKit/QMUIComponents/QMUIButton
    - QMUIKit/QMUIComponents/QMUIMultipleDelegates
    - QMUIKit/QMUIComponents/QMUINavigationButton
    - QMUIKit/QMUICore
    - QMUIKit/QMUIMainFrame
  - QMUIKit/QMUIComponents/QMUIStaticTableView (4.8.0):
    - QMUIKit/QMUIComponents/QMUIMultipleDelegates
    - QMUIKit/QMUIComponents/QMUITableViewCell
    - QMUIKit/QMUICore
  - QMUIKit/QMUIComponents/QMUITableView (4.8.0):
    - QMUIKit/QMUIComponents/QMUITableViewProtocols
    - QMUIKit/QMUICore
  - QMUIKit/QMUIComponents/QMUITableViewCell (4.8.0):
    - QMUIKit/QMUIComponents/QMUIButton
    - QMUIKit/QMUICore
  - QMUIKit/QMUIComponents/QMUITableViewHeaderFooterView (4.8.0):
    - QMUIKit/QMUICore
  - QMUIKit/QMUIComponents/QMUITableViewProtocols (4.8.0):
    - QMUIKit/QMUICore
  - QMUIKit/QMUIComponents/QMUITestView (4.8.0):
    - QMUIKit/QMUICore
  - QMUIKit/QMUIComponents/QMUITextField (4.8.0):
    - QMUIKit/QMUIComponents/QMUIMultipleDelegates
    - QMUIKit/QMUICore
  - QMUIKit/QMUIComponents/QMUITextView (4.8.0):
    - QMUIKit/QMUIComponents/QMUILabel
    - QMUIKit/QMUIComponents/QMUIMultipleDelegates
    - QMUIKit/QMUICore
  - QMUIKit/QMUIComponents/QMUITheme (4.8.0):
    - QMUIKit/QMUIComponents/QMUIAlertController
    - QMUIKit/QMUIComponents/QMUIBadge
    - QMUIKit/QMUIComponents/QMUIButton
    - QMUIKit/QMUIComponents/QMUIConsole
    - QMUIKit/QMUIComponents/QMUIEmotionView
    - QMUIKit/QMUIComponents/QMUIEmptyView
    - QMUIKit/QMUIComponents/QMUIGridView
    - QMUIKit/QMUIComponents/QMUIImagePickerLibrary
    - QMUIKit/QMUIComponents/QMUIImagePreviewView
    - QMUIKit/QMUIComponents/QMUILabel
    - QMUIKit/QMUIComponents/QMUIModalPresentationViewController
    - QMUIKit/QMUIComponents/QMUIPopupContainerView
    - QMUIKit/QMUIComponents/QMUIPopupMenuView
    - QMUIKit/QMUIComponents/QMUITextField
    - QMUIKit/QMUIComponents/QMUITextView
    - QMUIKit/QMUIComponents/QMUIToastView
    - QMUIKit/QMUICore
  - QMUIKit/QMUIComponents/QMUITips (4.8.0):
    - QMUIKit/QMUIComponents/QMUIToastView
    - QMUIKit/QMUICore
    - QMUIKit/QMUIResources
  - QMUIKit/QMUIComponents/QMUIToastView (4.8.0):
    - QMUIKit/QMUIComponents/QMUIKeyboardManager
    - QMUIKit/QMUICore
  - QMUIKit/QMUIComponents/QMUIToolbarButton (4.8.0):
    - QMUIKit/QMUICore
  - QMUIKit/QMUIComponents/QMUIWindowSizeMonitor (4.8.0):
    - QMUIKit/QMUICore
  - QMUIKit/QMUIComponents/QMUIZoomImageView (4.8.0):
    - QMUIKit/QMUIComponents/QMUIAssetLibrary
    - QMUIKit/QMUIComponents/QMUIButton
    - QMUIKit/QMUIComponents/QMUIEmptyView
    - QMUIKit/QMUIComponents/QMUIPieProgressView
    - QMUIKit/QMUICore
    - QMUIKit/QMUIResources
  - QMUIKit/QMUICore (4.8.0):
    - QMUIKit/QMUILog
    - QMUIKit/QMUIWeakObjectContainer
  - QMUIKit/QMUILog (4.8.0)
  - QMUIKit/QMUIMainFrame (4.8.0):
    - QMUIKit/QMUIComponents/QMUIEmptyView
    - QMUIKit/QMUIComponents/QMUIKeyboardManager
    - QMUIKit/QMUIComponents/QMUIMultipleDelegates
    - QMUIKit/QMUIComponents/QMUINavigationTitleView
    - QMUIKit/QMUIComponents/QMUITableView
    - QMUIKit/QMUIComponents/QMUITableViewHeaderFooterView
    - QMUIKit/QMUICore
    - QMUIKit/QMUILog
  - QMUIKit/QMUIResources (4.8.0)
  - QMUIKit/QMUIWeakObjectContainer (4.8.0)
  - R.swift (7.8.0)
  - RxSwift (6.9.0)
  - SDWebImage (5.21.5):
    - SDWebImage/Core (= 5.21.5)
  - SDWebImage/Core (5.21.5)
  - SQLiteRepairKit (1.2.2):
    - WCDBOptimizedSQLCipher (~> 1.2.0)
  - SuperPlayer (12.8.19668):
    - Masonry
    - SDWebImage
    - SuperPlayer/Player (= 12.8.19668)
  - SuperPlayer/Player (12.8.19668):
    - Masonry
    - SDWebImage
    - TXLiteAVSDK_Player
  - SwifterSwift (8.0.0):
    - SwifterSwift/AppKit (= 8.0.0)
    - SwifterSwift/AppKitNoIBInspectable (= 8.0.0)
    - SwifterSwift/CoreAnimation (= 8.0.0)
    - SwifterSwift/CoreGraphics (= 8.0.0)
    - SwifterSwift/CoreLocation (= 8.0.0)
    - SwifterSwift/CryptoKit (= 8.0.0)
    - SwifterSwift/Dispatch (= 8.0.0)
    - SwifterSwift/Foundation (= 8.0.0)
    - SwifterSwift/HealthKit (= 8.0.0)
    - SwifterSwift/MapKit (= 8.0.0)
    - SwifterSwift/NoIBInspectable (= 8.0.0)
    - SwifterSwift/SceneKit (= 8.0.0)
    - SwifterSwift/SpriteKit (= 8.0.0)
    - SwifterSwift/StoreKit (= 8.0.0)
    - SwifterSwift/SwiftStdlib (= 8.0.0)
    - SwifterSwift/UIKit (= 8.0.0)
    - SwifterSwift/UIKitNoIBInspectable (= 8.0.0)
    - SwifterSwift/WebKit (= 8.0.0)
  - SwifterSwift/AppKit (8.0.0)
  - SwifterSwift/AppKitNoIBInspectable (8.0.0):
    - SwifterSwift/AppKit
  - SwifterSwift/CoreAnimation (8.0.0)
  - SwifterSwift/CoreGraphics (8.0.0)
  - SwifterSwift/CoreLocation (8.0.0)
  - SwifterSwift/CryptoKit (8.0.0)
  - SwifterSwift/Dispatch (8.0.0)
  - SwifterSwift/Foundation (8.0.0)
  - SwifterSwift/HealthKit (8.0.0)
  - SwifterSwift/MapKit (8.0.0)
  - SwifterSwift/NoIBInspectable (8.0.0)
  - SwifterSwift/SceneKit (8.0.0)
  - SwifterSwift/SpriteKit (8.0.0)
  - SwifterSwift/StoreKit (8.0.0)
  - SwifterSwift/SwiftStdlib (8.0.0)
  - SwifterSwift/UIKit (8.0.0)
  - SwifterSwift/UIKitNoIBInspectable (8.0.0):
    - SwifterSwift/UIKit
  - SwifterSwift/WebKit (8.0.0)
  - SwiftEventBus (5.0.0)
  - TangramKit (1.4.2)
  - TXLiteAVSDK_Player (13.0.20258)
  - WCDB.swift (1.0.8.2):
    - SQLiteRepairKit (~> 1.2.0)
    - WCDBOptimizedSQLCipher (~> 1.2.0)
  - WCDBOptimizedSQLCipher (1.2.1)
  - YYImage (1.0.4):
    - YYImage/Core (= 1.0.4)
  - YYImage/Core (1.0.4)

DEPENDENCIES:
  - BSText
  - DoraemonKit/Core
  - DynamicColor
  - HandyJSON
  - Kingfisher (= 7.9.1)
  - MBProgressHUD
  - MHVerifyCodeView
  - MJRefresh
  - MMKV
  - Moya/RxSwift
  - "NSObject+Rx"
  - QMUIKit
  - R.swift
  - SDWebImage
  - SuperPlayer
  - SwifterSwift
  - SwiftEventBus
  - TangramKit
  - WCDB.swift (= 1.0.8.2)

SPEC REPOS:
  trunk:
    - Alamofire
    - BSText
    - DoraemonKit
    - DynamicColor
    - FMDB
    - GCDWebServer
    - HandyJSON
    - Kingfisher
    - Masonry
    - MBProgressHUD
    - MHVerifyCodeView
    - MJRefresh
    - MMKV
    - MMKVCore
    - Moya
    - "NSObject+Rx"
    - QMUIKit
    - R.swift
    - RxSwift
    - SDWebImage
    - SQLiteRepairKit
    - SuperPlayer
    - SwifterSwift
    - SwiftEventBus
    - TangramKit
    - TXLiteAVSDK_Player
    - WCDB.swift
    - WCDBOptimizedSQLCipher
    - YYImage

SPEC CHECKSUMS:
  Alamofire: bd5e7b23a1a750975288482c1831d71e74415f86
  BSText: fde17ab2d7b591745f73a408de0eeed063009b6a
  DoraemonKit: 0b45c9dc6ab34bd426a2782ee1bf7ab13492a60b
  DynamicColor: d049834ef86d8ecf150b0ca1ebe54ee733a0ec22
  FMDB: 728731dd336af3936ce00f91d9d8495f5718a0e6
  GCDWebServer: 2c156a56c8226e2d5c0c3f208a3621ccffbe3ce4
  HandyJSON: 9e4e236f5d2dbefad5155a77417bbea438201c03
  Kingfisher: 1d14e9f59cbe19389f591c929000332bf70efd32
  Masonry: 678fab65091a9290e40e2832a55e7ab731aad201
  MBProgressHUD: 3ee5efcc380f6a79a7cc9b363dd669c5e1ae7406
  MHVerifyCodeView: 79e42e1e0e358a3e2fb9555d180f4083569f7224
  MJRefresh: ff9e531227924c84ce459338414550a05d2aea78
  MMKV: c953dbaac0da392c24b005e763c03ce2638b4ed7
  MMKVCore: d078dce7d6586a888b2c2ef5343b6242678e3ee8
  Moya: 138f0573e53411fb3dc17016add0b748dfbd78ee
  "NSObject+Rx": 61cf1f7306a73dcef8b36649198af0813ec18dfd
  QMUIKit: 3c622fe3c55c0dccfad750634bd9ee5e7ade9a53
  R.swift: f573269ca45b2ab066c082e363dd4c2b297b0d71
  RxSwift: 31649ace6aceeb422e16ff71c60804f9c3281ed9
  SDWebImage: e9c98383c7572d713c1a0d7dd2783b10599b9838
  SQLiteRepairKit: 35aaae5a8838adb85f5b1eb4d796055be6060a4b
  SuperPlayer: 99de4f5ac094998706fb9cca19c6b62f8f732a82
  SwifterSwift: 517fa61daf5b4c5e3ed13b9f35f4c26b310cfb97
  SwiftEventBus: b30f617a6aca5a9336464b4d3f5931034762f2d5
  TangramKit: aad3ab8f9617418c9da96d59cddd71134ae8af83
  TXLiteAVSDK_Player: 71ed9cdb17e18c2cc7002839834024da10028f8b
  WCDB.swift: 05d509d7a0e60fb6e11c34eb7e4027c0fab5849f
  WCDBOptimizedSQLCipher: baf44493b0c7a3d49e97bc5b64a3856f6428ddd1
  YYImage: 1e1b62a9997399593e4b9c4ecfbbabbf1d3f3b54

PODFILE CHECKSUM: 2563b7b8488b87aa5c904230bb6fb688b2e08b74

COCOAPODS: 1.16.2
